<?xml version="1.0" encoding="utf-8"?>
<Project ToolsVersion="4.0" xmlns="http://schemas.microsoft.com/developer/msbuild/2003">
  <ItemGroup>
    <Filter Include="소스 파일">
      <UniqueIdentifier>{4FC737F1-C7A5-4376-A066-2A32D752A2FF}</UniqueIdentifier>
      <Extensions>cpp;c;cc;cxx;def;odl;idl;hpj;bat;asm;asmx</Extensions>
    </Filter>
    <Filter Include="헤더 파일">
      <UniqueIdentifier>{93995380-89BD-4b04-88EB-625FBE52EBFB}</UniqueIdentifier>
      <Extensions>h;hh;hpp;hxx;hm;inl;inc;ipp;xsd</Extensions>
    </Filter>
    <Filter Include="리소스 파일">
      <UniqueIdentifier>{67DA6AB6-F800-4c08-8B7A-83BB121AAD01}</UniqueIdentifier>
      <Extensions>rc;ico;cur;bmp;dlg;rc2;rct;bin;rgs;gif;jpg;jpeg;jpe;resx;tiff;tif;png;wav;mfcribbon-ms</Extensions>
    </Filter>
  </ItemGroup>
  <ItemGroup>
    <ClCompile Include="Level2\TransBinary.cpp">
      <Filter>소스 파일</Filter>
    </ClCompile>
    <ClCompile Include="Level2\Quad.cpp">
      <Filter>소스 파일</Filter>
    </ClCompile>
    <ClCompile Include="Level2\Square.cpp">
      <Filter>소스 파일</Filter>
    </ClCompile>
    <ClCompile Include="Level3\Ballon.cpp">
      <Filter>소스 파일</Filter>
    </ClCompile>
    <ClCompile Include="Level4\bookhotel.cpp">
      <Filter>소스 파일</Filter>
    </ClCompile>
    <ClCompile Include="Level4\RemoveCycle.cpp">
      <Filter>소스 파일</Filter>
    </ClCompile>
    <ClCompile Include="Level3\Station.cpp">
      <Filter>소스 파일</Filter>
    </ClCompile>
    <ClCompile Include="test.cpp">
      <Filter>소스 파일</Filter>
    </ClCompile>
    <ClCompile Include="Level3\LinkIsland.cpp">
      <Filter>소스 파일</Filter>
    </ClCompile>
    <ClCompile Include="Level3\ExpresswithN.cpp">
      <Filter>소스 파일</Filter>
    </ClCompile>
    <ClCompile Include="Level3\Travel route.cpp">
      <Filter>소스 파일</Filter>
    </ClCompile>
    <ClCompile Include="Level3\NQueen.cpp">
      <Filter>소스 파일</Filter>
    </ClCompile>
    <ClCompile Include="Level3\LongJump.cpp">
      <Filter>소스 파일</Filter>
    </ClCompile>
    <ClCompile Include="Level3\Racing.cpp">
      <Filter>소스 파일</Filter>
    </ClCompile>
    <ClCompile Include="Level1\SumPlusMinus.cpp">
      <Filter>소스 파일</Filter>
    </ClCompile>
    <ClCompile Include="Level1\Lotto.cpp">
      <Filter>소스 파일</Filter>
    </ClCompile>
    <ClCompile Include="Level2\photo.cpp">
      <Filter>소스 파일</Filter>
    </ClCompile>
    <ClCompile Include="Level1\number of hashard.cpp">
      <Filter>소스 파일</Filter>
    </ClCompile>
    <ClCompile Include="Level1\Get Average.cpp">
      <Filter>소스 파일</Filter>
    </ClCompile>
    <ClCompile Include="Level1\Collatz conjecture.cpp">
      <Filter>소스 파일</Filter>
    </ClCompile>
    <ClCompile Include="Level1\GDC N LCM.cpp">
      <Filter>소스 파일</Filter>
    </ClCompile>
    <ClCompile Include="Level1\Delete Minimum Number.cpp">
      <Filter>소스 파일</Filter>
    </ClCompile>
    <ClCompile Include="Level2\Fibonacci numbers.cpp">
      <Filter>소스 파일</Filter>
    </ClCompile>
    <ClCompile Include="Level2\Make Minimum Number.cpp">
      <Filter>소스 파일</Filter>
    </ClCompile>
    <ClCompile Include="Level2\Max Num Min Num.cpp">
      <Filter>소스 파일</Filter>
    </ClCompile>
    <ClCompile Include="Level2\N.cpp">
      <Filter>소스 파일</Filter>
    </ClCompile>
    <ClCompile Include="Level2\Order By Filename.cpp">
      <Filter>소스 파일</Filter>
    </ClCompile>
    <ClCompile Include="Level2\124.cpp">
      <Filter>소스 파일</Filter>
    </ClCompile>
  </ItemGroup>
</Project>